
Microsoft Visual Studio Solution File, Format Version 12.00
# Visual Studio Version 16
VisualStudioVersion = 16.0.31321.278
MinimumVisualStudioVersion = 10.0.40219.1
Project("{FAE04EC0-301F-11D3-BF4B-00C04F79EFBC}") = "GeneralStoreAPI", "GeneralStoreAPI\GeneralStoreAPI.csproj", "{DA80068E-F51F-44D3-963F-154A2845B98B}"
EndProject
Global
	GlobalSection(SolutionConfigurationPlatforms) = preSolution
		Debug|Any CPU = Debug|Any CPU
		Release|Any CPU = Release|Any CPU
	EndGlobalSection
	GlobalSection(ProjectConfigurationPlatforms) = postSolution
		{DA80068E-F51F-44D3-963F-154A2845B98B}.Debug|Any CPU.ActiveCfg = Debug|Any CPU
		{DA80068E-F51F-44D3-963F-154A2845B98B}.Debug|Any CPU.Build.0 = Debug|Any CPU
		{DA80068E-F51F-44D3-963F-154A2845B98B}.Release|Any CPU.ActiveCfg = Release|Any CPU
		{DA80068E-F51F-44D3-963F-154A2845B98B}.Release|Any CPU.Build.0 = Release|Any CPU
	EndGlobalSection
	GlobalSection(SolutionProperties) = preSolution
		HideSolutionNode = FALSE
	EndGlobalSection
	GlobalSection(ExtensibilityGlobals) = postSolution
		SolutionGuid = {757063F6-1E75-476D-867D-5ACEF751BA20}
	EndGlobalSection
EndGlobal
